
Microsoft Visual Studio Solution File, Format Version 12.00
# Visual Studio Version 16
VisualStudioVersion = 16.0.29519.87
MinimumVisualStudioVersion = 10.0.40219.1
Project("{FAE04EC0-301F-11D3-BF4B-00C04F79EFBC}") = "Signature_XMLdesign", "Signature_XMLdesign\Signature_XMLdesign.csproj", "{77107493-E07B-4DD5-B4F4-6110FAA91501}"
EndProject
Global
	GlobalSection(SolutionConfigurationPlatforms) = preSolution
		Debug|Any CPU = Debug|Any CPU
		Release|Any CPU = Release|Any CPU
	EndGlobalSection
	GlobalSection(ProjectConfigurationPlatforms) = postSolution
		{77107493-E07B-4DD5-B4F4-6110FAA91501}.Debug|Any CPU.ActiveCfg = Debug|Any CPU
		{77107493-E07B-4DD5-B4F4-6110FAA91501}.Debug|Any CPU.Build.0 = Debug|Any CPU
		{77107493-E07B-4DD5-B4F4-6110FAA91501}.Release|Any CPU.ActiveCfg = Release|Any CPU
		{77107493-E07B-4DD5-B4F4-6110FAA91501}.Release|Any CPU.Build.0 = Release|Any CPU
	EndGlobalSection
	GlobalSection(SolutionProperties) = preSolution
		HideSolutionNode = FALSE
	EndGlobalSection
	GlobalSection(ExtensibilityGlobals) = postSolution
		SolutionGuid = {E8C938E6-8D0A-494F-8511-BACAB03DE0BA}
	EndGlobalSection
EndGlobal
